<?xml version="1.0" encoding="utf-8" standalone="no"?>
<Scheme LastUpgradeVersion="1000" version="2.0">
	<AnalyzeAction buildConfiguration="Debug" />
	<ArchiveAction revealArchiveInOrganizer="YES" buildConfiguration="Release" />
	<TestAction selectedDebuggerIdentifier="Xcode.DebuggerFoundation.Debugger.LLDB" buildConfiguration="Debug" shouldUseLaunchSchemeArgsEnv="YES" codeCoverageEnabled="NO" selectedLauncherIdentifier="Xcode.DebuggerFoundation.Launcher.LLDB">
		<Testables>
			<TestableReference skipped="NO">
				<BuildableReference BlueprintIdentifier="D0066D472057259600A7E863" BlueprintName="SwiftShotTests" BuildableName="SwiftShotTests.xctest" ReferencedContainer="container:SwiftShot.xcodeproj" BuildableIdentifier="primary" />
			</TestableReference>
		</Testables>
		<MacroExpansion>
			<BuildableReference BuildableIdentifier="primary" BlueprintName="SwiftShot" ReferencedContainer="container:SwiftShot.xcodeproj" BlueprintIdentifier="D0066D312057259500A7E863" BuildableName="SwiftShot.app" />
		</MacroExpansion>
	</TestAction>
	<ProfileAction savedToolIdentifier="" debugDocumentVersioning="YES" buildConfiguration="Release" shouldUseLaunchSchemeArgsEnv="YES" useCustomWorkingDirectory="NO">
		<BuildableProductRunnable runnableDebuggingMode="0">
			<BuildableReference BlueprintName="SwiftShot" BuildableIdentifier="primary" BuildableName="SwiftShot.app" ReferencedContainer="container:SwiftShot.xcodeproj" BlueprintIdentifier="D0066D312057259500A7E863" />
		</BuildableProductRunnable>
	</ProfileAction>
	<BuildAction parallelizeBuildables="YES" buildImplicitDependencies="YES">
		<BuildActionEntries>
			<BuildActionEntry buildForProfiling="YES" buildForTesting="YES" buildForArchiving="YES" buildForRunning="YES" buildForAnalyzing="YES">
				<BuildableReference BlueprintName="SwiftShot" BuildableIdentifier="primary" BlueprintIdentifier="D0066D312057259500A7E863" BuildableName="SwiftShot.app" ReferencedContainer="container:SwiftShot.xcodeproj" />
			</BuildActionEntry>
		</BuildActionEntries>
	</BuildAction>
	<LaunchAction selectedLauncherIdentifier="Xcode.DebuggerFoundation.Launcher.LLDB" buildConfiguration="Debug" useCustomWorkingDirectory="NO" allowLocationSimulation="YES" ignoresPersistentStateOnLaunch="NO" debugServiceExtension="internal" selectedDebuggerIdentifier="Xcode.DebuggerFoundation.Debugger.LLDB" launchStyle="0" debugDocumentVersioning="YES">
		<BuildableProductRunnable runnableDebuggingMode="0">
			<BuildableReference BlueprintName="SwiftShot" BuildableIdentifier="primary" BlueprintIdentifier="D0066D312057259500A7E863" BuildableName="SwiftShot.app" ReferencedContainer="container:SwiftShot.xcodeproj" />
		</BuildableProductRunnable>
	</LaunchAction>
</Scheme>